{
    "version": 3,
    "terraform_version": "0.7.4",
    "serial": 7,
    "lineage": "773b6771-c45c-4fd7-a880-3b29e2bc7234",
    "modules": [
        {
            "path": [
                "root"
            ],
            "outputs": {},
            "resources": {
                "openstack_compute_instance_v2.k8s-master": {
                    "type": "openstack_compute_instance_v2",
                    "depends_on": [
                        "openstack_networking_floatingip_v2.master_floatip",
                        "openstack_networking_network_v2.k8s_private_net"
                    ],
                    "primary": {
                        "id": "e6d2962b-287e-4d79-92af-6b6d71abdfcb",
                        "attributes": {
                            "access_ip_v4": "172.24.4.17",
                            "access_ip_v6": "",
                            "flavor_id": "3",
                            "flavor_name": "m1.medium",
                            "floating_ip": "172.24.4.17",
                            "id": "e6d2962b-287e-4d79-92af-6b6d71abdfcb",
                            "image_id": "2bbbcfb8-2209-4b9c-bc7d-411e2c77cda0",
                            "image_name": "Ubuntu Xenial",
                            "key_pair": "k8s_keypair",
                            "metadata.%": "0",
                            "name": "k8s-master",
                            "network.#": "1",
                            "network.0.access_network": "false",
                            "network.0.fixed_ip_v4": "10.33.0.3",
                            "network.0.fixed_ip_v6": "",
                            "network.0.floating_ip": "172.24.4.17",
                            "network.0.mac": "fa:16:3e:23:33:57",
                            "network.0.name": "k8s_private",
                            "network.0.port": "",
                            "network.0.uuid": "412d65a7-d9cc-478b-b058-262459264c2d",
                            "security_groups.#": "1",
                            "security_groups.3814588639": "default",
                            "stop_before_destroy": "false",
                            "volume.#": "0"
                        },
                        "meta": {},
                        "tainted": false
                    },
                    "deposed": [],
                    "provider": ""
                },
                "openstack_compute_instance_v2.k8s-minion": {
                    "type": "openstack_compute_instance_v2",
                    "depends_on": [
                        "openstack_compute_secgroup_v2.k8s_secgroup",
                        "openstack_networking_floatingip_v2.node_floatips",
                        "openstack_networking_network_v2.k8s_private_net"
                    ],
                    "primary": {
                        "id": "6d18272c-0747-4718-beee-a81046973f17",
                        "attributes": {
                            "access_ip_v4": "172.24.4.18",
                            "access_ip_v6": "",
                            "flavor_id": "3",
                            "flavor_name": "m1.medium",
                            "floating_ip": "172.24.4.18",
                            "id": "6d18272c-0747-4718-beee-a81046973f17",
                            "image_id": "2bbbcfb8-2209-4b9c-bc7d-411e2c77cda0",
                            "image_name": "Ubuntu Xenial",
                            "key_pair": "k8s_keypair",
                            "metadata.%": "0",
                            "name": "k8s-node-0",
                            "network.#": "1",
                            "network.0.access_network": "false",
                            "network.0.fixed_ip_v4": "10.33.0.4",
                            "network.0.fixed_ip_v6": "",
                            "network.0.floating_ip": "172.24.4.18",
                            "network.0.mac": "fa:16:3e:01:3d:c2",
                            "network.0.name": "k8s_private",
                            "network.0.port": "",
                            "network.0.uuid": "412d65a7-d9cc-478b-b058-262459264c2d",
                            "security_groups.#": "2",
                            "security_groups.3740938001": "k8s_secgroup",
                            "security_groups.3814588639": "default",
                            "stop_before_destroy": "false",
                            "volume.#": "0"
                        },
                        "meta": {},
                        "tainted": false
                    },
                    "deposed": [],
                    "provider": ""
                },
                "openstack_compute_secgroup_v2.k8s_secgroup": {
                    "type": "openstack_compute_secgroup_v2",
                    "depends_on": [],
                    "primary": {
                        "id": "cefbe8c5-629a-458f-85b8-1010f32232c5",
                        "attributes": {
                            "description": "Allows ssh access to the cluster with the correct keypair",
                            "id": "cefbe8c5-629a-458f-85b8-1010f32232c5",
                            "name": "k8s_secgroup",
                            "rule.#": "1",
                            "rule.836640770.cidr": "0.0.0.0/0",
                            "rule.836640770.from_group_id": "",
                            "rule.836640770.from_port": "22",
                            "rule.836640770.id": "34f6e766-960b-4210-8efd-0a043bc27496",
                            "rule.836640770.ip_protocol": "tcp",
                            "rule.836640770.self": "false",
                            "rule.836640770.to_port": "22"
                        },
                        "meta": {},
                        "tainted": false
                    },
                    "deposed": [],
                    "provider": ""
                },
                "openstack_networking_floatingip_v2.master_floatip": {
                    "type": "openstack_networking_floatingip_v2",
                    "depends_on": [],
                    "primary": {
                        "id": "b07da93a-4465-49b5-bb45-1bff44e2475a",
                        "attributes": {
                            "address": "172.24.4.17",
                            "fixed_ip": "",
                            "id": "b07da93a-4465-49b5-bb45-1bff44e2475a",
                            "pool": "public",
                            "port_id": "",
                            "tenant_id": "e23c0b230228475aafc01d560db6cd40"
                        },
                        "meta": {},
                        "tainted": false
                    },
                    "deposed": [],
                    "provider": ""
                },
                "openstack_networking_floatingip_v2.node_floatips": {
                    "type": "openstack_networking_floatingip_v2",
                    "depends_on": [],
                    "primary": {
                        "id": "6a9bf2b2-d7b4-4884-ab5a-5a6c045a99c1",
                        "attributes": {
                            "address": "172.24.4.18",
                            "fixed_ip": "",
                            "id": "6a9bf2b2-d7b4-4884-ab5a-5a6c045a99c1",
                            "pool": "public",
                            "port_id": "",
                            "tenant_id": "e23c0b230228475aafc01d560db6cd40"
                        },
                        "meta": {},
                        "tainted": false
                    },
                    "deposed": [],
                    "provider": ""
                },
                "openstack_networking_network_v2.k8s_private_net": {
                    "type": "openstack_networking_network_v2",
                    "depends_on": [],
                    "primary": {
                        "id": "412d65a7-d9cc-478b-b058-262459264c2d",
                        "attributes": {
                            "admin_state_up": "true",
                            "id": "412d65a7-d9cc-478b-b058-262459264c2d",
                            "name": "k8s_private",
                            "shared": "false",
                            "tenant_id": "e23c0b230228475aafc01d560db6cd40"
                        },
                        "meta": {},
                        "tainted": false
                    },
                    "deposed": [],
                    "provider": ""
                },
                "openstack_networking_router_interface_v2.router_interface_1": {
                    "type": "openstack_networking_router_interface_v2",
                    "depends_on": [
                        "openstack_networking_router_v2.k8s-router",
                        "openstack_networking_subnet_v2.k8s_private_subnet"
                    ],
                    "primary": {
                        "id": "3219a4b0-04ae-4f36-bbb3-61deea1aa3f0",
                        "attributes": {
                            "id": "3219a4b0-04ae-4f36-bbb3-61deea1aa3f0",
                            "router_id": "d3a623be-6ff4-4fe2-93b6-5a54a27bb0e5",
                            "subnet_id": "0d7051ec-4f57-45f5-9e70-f543f198528c"
                        },
                        "meta": {},
                        "tainted": false
                    },
                    "deposed": [],
                    "provider": ""
                },
                "openstack_networking_router_v2.k8s-router": {
                    "type": "openstack_networking_router_v2",
                    "depends_on": [],
                    "primary": {
                        "id": "d3a623be-6ff4-4fe2-93b6-5a54a27bb0e5",
                        "attributes": {
                            "admin_state_up": "true",
                            "distributed": "false",
                            "external_gateway": "b8316571-4b9c-4f5f-8726-7ef453ba683a",
                            "id": "d3a623be-6ff4-4fe2-93b6-5a54a27bb0e5",
                            "name": "k8s-router",
                            "tenant_id": "e23c0b230228475aafc01d560db6cd40"
                        },
                        "meta": {},
                        "tainted": false
                    },
                    "deposed": [],
                    "provider": ""
                },
                "openstack_networking_subnet_v2.k8s_private_subnet": {
                    "type": "openstack_networking_subnet_v2",
                    "depends_on": [
                        "openstack_networking_network_v2.k8s_private_net"
                    ],
                    "primary": {
                        "id": "0d7051ec-4f57-45f5-9e70-f543f198528c",
                        "attributes": {
                            "cidr": "10.33.0.0/24",
                            "dns_nameservers.#": "0",
                            "enable_dhcp": "true",
                            "gateway_ip": "10.33.0.1",
                            "host_routes.#": "0",
                            "id": "0d7051ec-4f57-45f5-9e70-f543f198528c",
                            "ip_version": "4",
                            "name": "k8s_private_subnet",
                            "network_id": "412d65a7-d9cc-478b-b058-262459264c2d",
                            "tenant_id": "e23c0b230228475aafc01d560db6cd40"
                        },
                        "meta": {},
                        "tainted": false
                    },
                    "deposed": [],
                    "provider": ""
                }
            },
            "depends_on": []
        }
    ]
}
