{
    "version": 3,
    "terraform_version": "0.7.4",
    "serial": 12,
    "lineage": "ae2c6210-cc6a-4e60-b3c2-22f1f8c4ae83",
    "modules": [
        {
            "path": [
                "root"
            ],
            "outputs": {},
            "resources": {
                "openstack_compute_secgroup_v2.k8s_secgroup": {
                    "type": "openstack_compute_secgroup_v2",
                    "depends_on": [],
                    "primary": {
                        "id": "b4b7401b-e182-4e30-980e-7ae6a9757fb8",
                        "attributes": {
                            "description": "Allows ssh access to the cluster with the correct keypair",
                            "id": "b4b7401b-e182-4e30-980e-7ae6a9757fb8",
                            "name": "k8s_secgroup",
                            "rule.#": "1",
                            "rule.836640770.cidr": "0.0.0.0/0",
                            "rule.836640770.from_group_id": "",
                            "rule.836640770.from_port": "22",
                            "rule.836640770.id": "539750ef-a6c8-4faa-8a43-daf8f0f59e5e",
                            "rule.836640770.ip_protocol": "tcp",
                            "rule.836640770.self": "false",
                            "rule.836640770.to_port": "22"
                        },
                        "meta": {},
                        "tainted": false
                    },
                    "deposed": [],
                    "provider": ""
                },
                "openstack_networking_network_v2.k8s_private_net": {
                    "type": "openstack_networking_network_v2",
                    "depends_on": [],
                    "primary": {
                        "id": "dc7cc7f8-0343-4db8-91d2-6b9514cf8558",
                        "attributes": {
                            "admin_state_up": "true",
                            "id": "dc7cc7f8-0343-4db8-91d2-6b9514cf8558",
                            "name": "k8s_private",
                            "shared": "false",
                            "tenant_id": "e23c0b230228475aafc01d560db6cd40"
                        },
                        "meta": {},
                        "tainted": false
                    },
                    "deposed": [],
                    "provider": ""
                }
            },
            "depends_on": []
        }
    ]
}
