{
    "version": 3,
    "terraform_version": "0.7.4",
    "serial": 13,
    "lineage": "ae2c6210-cc6a-4e60-b3c2-22f1f8c4ae83",
    "modules": [
        {
            "path": [
                "root"
            ],
            "outputs": {},
            "resources": {
                "openstack_compute_instance_v2.k8s-master": {
                    "type": "openstack_compute_instance_v2",
                    "depends_on": [
                        "openstack_compute_secgroup_v2.k8s_secgroup",
                        "openstack_networking_floatingip_v2.master_floatip",
                        "openstack_networking_network_v2.k8s_private_net"
                    ],
                    "primary": {
                        "id": "33b604f7-adf6-41d2-97ee-4da2ab3ba7e2",
                        "attributes": {
                            "access_ip_v4": "172.24.4.46",
                            "access_ip_v6": "",
                            "flavor_id": "3",
                            "flavor_name": "m1.medium",
                            "floating_ip": "172.24.4.46",
                            "id": "33b604f7-adf6-41d2-97ee-4da2ab3ba7e2",
                            "image_id": "2bbbcfb8-2209-4b9c-bc7d-411e2c77cda0",
                            "image_name": "Ubuntu Xenial",
                            "key_pair": "k8s_keypair",
                            "metadata.%": "0",
                            "name": "k8s-master",
                            "network.#": "1",
                            "network.0.access_network": "false",
                            "network.0.fixed_ip_v4": "10.33.0.4",
                            "network.0.fixed_ip_v6": "",
                            "network.0.floating_ip": "172.24.4.46",
                            "network.0.mac": "fa:16:3e:e5:80:2c",
                            "network.0.name": "k8s_private",
                            "network.0.port": "",
                            "network.0.uuid": "81c74092-e943-44f5-a6b6-9454e27ea887",
                            "security_groups.#": "2",
                            "security_groups.3740938001": "k8s_secgroup",
                            "security_groups.3814588639": "default",
                            "stop_before_destroy": "false",
                            "volume.#": "0"
                        },
                        "meta": {},
                        "tainted": false
                    },
                    "deposed": [],
                    "provider": ""
                },
                "openstack_compute_instance_v2.k8s-minion": {
                    "type": "openstack_compute_instance_v2",
                    "depends_on": [
                        "openstack_compute_secgroup_v2.k8s_secgroup",
                        "openstack_networking_floatingip_v2.node_floatips",
                        "openstack_networking_network_v2.k8s_private_net"
                    ],
                    "primary": {
                        "id": "5f63c931-20d5-4203-ba4b-549f6671febb",
                        "attributes": {
                            "access_ip_v4": "172.24.4.44",
                            "access_ip_v6": "",
                            "flavor_id": "3",
                            "flavor_name": "m1.medium",
                            "floating_ip": "172.24.4.44",
                            "id": "5f63c931-20d5-4203-ba4b-549f6671febb",
                            "image_id": "2bbbcfb8-2209-4b9c-bc7d-411e2c77cda0",
                            "image_name": "Ubuntu Xenial",
                            "key_pair": "k8s_keypair",
                            "metadata.%": "0",
                            "name": "k8s-node-0",
                            "network.#": "1",
                            "network.0.access_network": "false",
                            "network.0.fixed_ip_v4": "10.33.0.3",
                            "network.0.fixed_ip_v6": "",
                            "network.0.floating_ip": "172.24.4.44",
                            "network.0.mac": "fa:16:3e:a8:be:6c",
                            "network.0.name": "k8s_private",
                            "network.0.port": "",
                            "network.0.uuid": "81c74092-e943-44f5-a6b6-9454e27ea887",
                            "security_groups.#": "2",
                            "security_groups.3740938001": "k8s_secgroup",
                            "security_groups.3814588639": "default",
                            "stop_before_destroy": "false",
                            "volume.#": "0"
                        },
                        "meta": {},
                        "tainted": false
                    },
                    "deposed": [],
                    "provider": ""
                },
                "openstack_compute_keypair_v2.k8s_keypair": {
                    "type": "openstack_compute_keypair_v2",
                    "depends_on": [],
                    "primary": {
                        "id": "k8s_keypair",
                        "attributes": {
                            "id": "k8s_keypair",
                            "name": "k8s_keypair",
                            "public_key": "ssh-rsa AAAAB3NzaC1yc2EAAAADAQABAAACAQDNI0V8xip6PjAryqRxHj6wWcKP9vHOw1F5fy5buG3VdXAiuvd8ctuPrGRjZuB4mnSgbq0p3jR7zcsqDyjxc6OwCLVeoLFVSIY2d1FOgqjHaoxivu2ZZjiamATptQGIPrB6cpISkKEiTUpyMM2HLIIxJLUowIhvyVG3OxXLKhVfef3NLlA7HcUjfwwT2sxfX0pIlIXXNOGSRac2ioNut7xnMfS67mZBCrQU/mq6inddd/H+pBj6MhMK0hjuj6JbKCVxtHvabEUoKhx5YieZj1ylxBFK99q88JUfZ88k4puqMZANWkLPbNbm2fjy6gBuqsTv1N+jwYV4/bLh7U3TqhU9HMZ4mMhMVvjIApvsC2Us1Dvlh4eCfJz/vjAZK0LqCB+6DfVdRskxg6gZ8feWB2i0Lofoq9T7wa6jzK80lsnqvPADsZg2v4JiAfxCjwVJSG59iQwuX8Q17s2xBwjS4Emfewi/YefPVD7m3dPdpnPD1fZyJVtQQJpvTF2wlnag8MSy2LdHw9XE0oHEeEB48cgfQIghWTtWUxgAICqo3kfiqIyv6hAamdbeCyMiPgLLOgMvgj+6ne2VLIml3D9IzMU+VvGoBDkMbOF5SGiBO8jclW9+vZbKZ1g7G8KFmn1HKCFIhqmyAROk5Z5nqk6Lr4P3KFyjg+oZ7DSLW9RnWFyHqw== taimir93@gmail.com\n"
                        },
                        "meta": {},
                        "tainted": false
                    },
                    "deposed": [],
                    "provider": ""
                },
                "openstack_compute_secgroup_v2.k8s_secgroup": {
                    "type": "openstack_compute_secgroup_v2",
                    "depends_on": [],
                    "primary": {
                        "id": "d3f552ad-df84-423f-af58-67b917a4e59e",
                        "attributes": {
                            "description": "Allows ssh access to the cluster with the correct keypair",
                            "id": "d3f552ad-df84-423f-af58-67b917a4e59e",
                            "name": "k8s_secgroup",
                            "rule.#": "1",
                            "rule.836640770.cidr": "0.0.0.0/0",
                            "rule.836640770.from_group_id": "",
                            "rule.836640770.from_port": "22",
                            "rule.836640770.id": "f7ea308e-a030-4d7b-80bf-de3ea10362f2",
                            "rule.836640770.ip_protocol": "tcp",
                            "rule.836640770.self": "false",
                            "rule.836640770.to_port": "22"
                        },
                        "meta": {},
                        "tainted": false
                    },
                    "deposed": [],
                    "provider": ""
                },
                "openstack_networking_floatingip_v2.master_floatip": {
                    "type": "openstack_networking_floatingip_v2",
                    "depends_on": [],
                    "primary": {
                        "id": "5b07a840-c24b-4354-aa16-db1a770a61d8",
                        "attributes": {
                            "address": "172.24.4.46",
                            "fixed_ip": "",
                            "id": "5b07a840-c24b-4354-aa16-db1a770a61d8",
                            "pool": "public",
                            "port_id": "",
                            "tenant_id": "e23c0b230228475aafc01d560db6cd40"
                        },
                        "meta": {},
                        "tainted": false
                    },
                    "deposed": [],
                    "provider": ""
                },
                "openstack_networking_floatingip_v2.node_floatips": {
                    "type": "openstack_networking_floatingip_v2",
                    "depends_on": [],
                    "primary": {
                        "id": "87ce4b85-1b99-4692-bd4c-3a40864d81a9",
                        "attributes": {
                            "address": "172.24.4.44",
                            "fixed_ip": "",
                            "id": "87ce4b85-1b99-4692-bd4c-3a40864d81a9",
                            "pool": "public",
                            "port_id": "",
                            "tenant_id": "e23c0b230228475aafc01d560db6cd40"
                        },
                        "meta": {},
                        "tainted": false
                    },
                    "deposed": [],
                    "provider": ""
                },
                "openstack_networking_network_v2.k8s_private_net": {
                    "type": "openstack_networking_network_v2",
                    "depends_on": [],
                    "primary": {
                        "id": "81c74092-e943-44f5-a6b6-9454e27ea887",
                        "attributes": {
                            "admin_state_up": "true",
                            "id": "81c74092-e943-44f5-a6b6-9454e27ea887",
                            "name": "k8s_private",
                            "shared": "false",
                            "tenant_id": "e23c0b230228475aafc01d560db6cd40"
                        },
                        "meta": {},
                        "tainted": false
                    },
                    "deposed": [],
                    "provider": ""
                },
                "openstack_networking_router_interface_v2.router_interface_1": {
                    "type": "openstack_networking_router_interface_v2",
                    "depends_on": [
                        "openstack_networking_router_v2.k8s-router",
                        "openstack_networking_subnet_v2.k8s_private_subnet"
                    ],
                    "primary": {
                        "id": "e1c96c1d-9ac3-4efd-a6de-7d2af1b74f3a",
                        "attributes": {
                            "id": "e1c96c1d-9ac3-4efd-a6de-7d2af1b74f3a",
                            "router_id": "ead82fa1-d22f-42b9-b5e6-d2570828c1be",
                            "subnet_id": "3d65a54c-ebfe-48fb-b7cd-ccdc474cfa61"
                        },
                        "meta": {},
                        "tainted": false
                    },
                    "deposed": [],
                    "provider": ""
                },
                "openstack_networking_router_v2.k8s-router": {
                    "type": "openstack_networking_router_v2",
                    "depends_on": [],
                    "primary": {
                        "id": "ead82fa1-d22f-42b9-b5e6-d2570828c1be",
                        "attributes": {
                            "admin_state_up": "true",
                            "distributed": "false",
                            "external_gateway": "b8316571-4b9c-4f5f-8726-7ef453ba683a",
                            "id": "ead82fa1-d22f-42b9-b5e6-d2570828c1be",
                            "name": "k8s-router",
                            "tenant_id": "e23c0b230228475aafc01d560db6cd40"
                        },
                        "meta": {},
                        "tainted": false
                    },
                    "deposed": [],
                    "provider": ""
                },
                "openstack_networking_subnet_v2.k8s_private_subnet": {
                    "type": "openstack_networking_subnet_v2",
                    "depends_on": [
                        "openstack_networking_network_v2.k8s_private_net"
                    ],
                    "primary": {
                        "id": "3d65a54c-ebfe-48fb-b7cd-ccdc474cfa61",
                        "attributes": {
                            "cidr": "10.33.0.0/24",
                            "dns_nameservers.#": "2",
                            "dns_nameservers.3811298194": "8.8.4.4",
                            "dns_nameservers.3817307869": "8.8.8.8",
                            "enable_dhcp": "true",
                            "gateway_ip": "10.33.0.1",
                            "host_routes.#": "0",
                            "id": "3d65a54c-ebfe-48fb-b7cd-ccdc474cfa61",
                            "ip_version": "4",
                            "name": "k8s_private_subnet",
                            "network_id": "81c74092-e943-44f5-a6b6-9454e27ea887",
                            "tenant_id": "e23c0b230228475aafc01d560db6cd40"
                        },
                        "meta": {},
                        "tainted": false
                    },
                    "deposed": [],
                    "provider": ""
                }
            },
            "depends_on": []
        }
    ]
}
